
Microsoft Visual Studio Solution File, Format Version 12.00
# Visual Studio Version 17
VisualStudioVersion = 17.5.33424.131
MinimumVisualStudioVersion = 10.0.40219.1
Project("{9A19103F-16F7-4668-BE54-9A1E7A4F7556}") = "Homework_1", "Homework_1\Homework_1.csproj", "{ECF910AE-83F4-4A97-AD88-DFE00F86AE39}"
EndProject
Project("{FAE04EC0-301F-11D3-BF4B-00C04F79EFBC}") = "Homework_1_BackUp", "Homework_1_BackUp\Homework_1_BackUp.csproj", "{E3D560A4-A20B-49F9-A256-3D4C1C5F51B6}"
EndProject
Global
	GlobalSection(SolutionConfigurationPlatforms) = preSolution
		Debug|Any CPU = Debug|Any CPU
		Release|Any CPU = Release|Any CPU
	EndGlobalSection
	GlobalSection(ProjectConfigurationPlatforms) = postSolution
		{ECF910AE-83F4-4A97-AD88-DFE00F86AE39}.Debug|Any CPU.ActiveCfg = Debug|Any CPU
		{ECF910AE-83F4-4A97-AD88-DFE00F86AE39}.Debug|Any CPU.Build.0 = Debug|Any CPU
		{ECF910AE-83F4-4A97-AD88-DFE00F86AE39}.Release|Any CPU.ActiveCfg = Release|Any CPU
		{ECF910AE-83F4-4A97-AD88-DFE00F86AE39}.Release|Any CPU.Build.0 = Release|Any CPU
		{E3D560A4-A20B-49F9-A256-3D4C1C5F51B6}.Debug|Any CPU.ActiveCfg = Debug|Any CPU
		{E3D560A4-A20B-49F9-A256-3D4C1C5F51B6}.Debug|Any CPU.Build.0 = Debug|Any CPU
		{E3D560A4-A20B-49F9-A256-3D4C1C5F51B6}.Release|Any CPU.ActiveCfg = Release|Any CPU
		{E3D560A4-A20B-49F9-A256-3D4C1C5F51B6}.Release|Any CPU.Build.0 = Release|Any CPU
	EndGlobalSection
	GlobalSection(SolutionProperties) = preSolution
		HideSolutionNode = FALSE
	EndGlobalSection
	GlobalSection(ExtensibilityGlobals) = postSolution
		SolutionGuid = {8379E09E-34D7-42E2-9B26-CD5EDDF373A8}
	EndGlobalSection
EndGlobal
